
Microsoft Visual Studio Solution File, Format Version 12.00
# Visual Studio Version 17
VisualStudioVersion = 17.4.33213.308
MinimumVisualStudioVersion = 10.0.40219.1
Project("{FAE04EC0-301F-11D3-BF4B-00C04F79EFBC}") = "BetwayApp", "BetwayApp\BetwayApp.csproj", "{F917507C-193F-4535-90F7-680B0BDA292E}"
EndProject
Global
	GlobalSection(SolutionConfigurationPlatforms) = preSolution
		Debug|Any CPU = Debug|Any CPU
		Release|Any CPU = Release|Any CPU
	EndGlobalSection
	GlobalSection(ProjectConfigurationPlatforms) = postSolution
		{F917507C-193F-4535-90F7-680B0BDA292E}.Debug|Any CPU.ActiveCfg = Debug|Any CPU
		{F917507C-193F-4535-90F7-680B0BDA292E}.Debug|Any CPU.Build.0 = Debug|Any CPU
		{F917507C-193F-4535-90F7-680B0BDA292E}.Release|Any CPU.ActiveCfg = Release|Any CPU
		{F917507C-193F-4535-90F7-680B0BDA292E}.Release|Any CPU.Build.0 = Release|Any CPU
	EndGlobalSection
	GlobalSection(SolutionProperties) = preSolution
		HideSolutionNode = FALSE
	EndGlobalSection
	GlobalSection(ExtensibilityGlobals) = postSolution
		SolutionGuid = {E368EA59-DA45-4648-9CCF-9FFA41DE99CD}
	EndGlobalSection
EndGlobal
